github.com/go-sql-driver/mysql v1.6.0 h1:BCTh4TKNUYmOmMUcQ3IipzF5prigylS7XXjEkfCHuOE=
github.com/go-sql-driver/mysql v1.6.0/go.mod h1:DCzpHaOWr8IXmIStZouvnhqoel9Qv2LBy8hT2VhHyBg=
github.com/r2b89/wuid/v2 v2.0.0-20220827194044-0b4d8b188662 h1:9Ro9CGSg3VXL68v8pJMYN+1j9BqoG8MhgAvYp5OO7dc=
github.com/r2b89/wuid/v2 v2.0.0-20220827194044-0b4d8b188662/go.mod h1:PSIxCyI3QIBQCb1tKhKWH4cWAJ/ulYyauwbOoxfwFos=
